
Microsoft Visual Studio Solution File, Format Version 12.00
# Visual Studio 15
VisualStudioVersion = 15.0.26730.16
MinimumVisualStudioVersion = 10.0.40219.1
Project("{9A19103F-16F7-4668-BE54-9A1E7A4F7556}") = "FLVisualization.DAL", "FLVisualization.DAL\FLVisualization.DAL.csproj", "{2C5871FD-EF59-43CE-ABD7-E378CDA691F6}"
EndProject
Project("{9A19103F-16F7-4668-BE54-9A1E7A4F7556}") = "FLVisualization.Models", "FLVisualization.Models\FLVisualization.Models.csproj", "{6BCC515E-1EE6-4088-9FF8-68345EF5CBEC}"
EndProject
Project("{9A19103F-16F7-4668-BE54-9A1E7A4F7556}") = "FLVisualization.DAL.Tests", "FLVisualization.DAL.Tests\FLVisualization.DAL.Tests.csproj", "{3368400F-98B5-4F5F-8070-B3C88A2A120F}"
EndProject
Project("{9A19103F-16F7-4668-BE54-9A1E7A4F7556}") = "FLVisualization.Populate", "FLVisualization.Populate\FLVisualization.Populate.csproj", "{C2FB3D81-5E02-4D5D-9194-BF8FC4E0FEF7}"
EndProject
Project("{FAE04EC0-301F-11D3-BF4B-00C04F79EFBC}") = "FLVisualization.Service", "FLVisualization.Service\FLVisualization.Service.csproj", "{7A0F4697-4EF7-4BE7-AD54-5D62A05047E4}"
EndProject
Global
	GlobalSection(SolutionConfigurationPlatforms) = preSolution
		Debug|Any CPU = Debug|Any CPU
		Release|Any CPU = Release|Any CPU
	EndGlobalSection
	GlobalSection(ProjectConfigurationPlatforms) = postSolution
		{2C5871FD-EF59-43CE-ABD7-E378CDA691F6}.Debug|Any CPU.ActiveCfg = Debug|Any CPU
		{2C5871FD-EF59-43CE-ABD7-E378CDA691F6}.Debug|Any CPU.Build.0 = Debug|Any CPU
		{2C5871FD-EF59-43CE-ABD7-E378CDA691F6}.Release|Any CPU.ActiveCfg = Release|Any CPU
		{2C5871FD-EF59-43CE-ABD7-E378CDA691F6}.Release|Any CPU.Build.0 = Release|Any CPU
		{6BCC515E-1EE6-4088-9FF8-68345EF5CBEC}.Debug|Any CPU.ActiveCfg = Debug|Any CPU
		{6BCC515E-1EE6-4088-9FF8-68345EF5CBEC}.Debug|Any CPU.Build.0 = Debug|Any CPU
		{6BCC515E-1EE6-4088-9FF8-68345EF5CBEC}.Release|Any CPU.ActiveCfg = Release|Any CPU
		{6BCC515E-1EE6-4088-9FF8-68345EF5CBEC}.Release|Any CPU.Build.0 = Release|Any CPU
		{3368400F-98B5-4F5F-8070-B3C88A2A120F}.Debug|Any CPU.ActiveCfg = Debug|Any CPU
		{3368400F-98B5-4F5F-8070-B3C88A2A120F}.Debug|Any CPU.Build.0 = Debug|Any CPU
		{3368400F-98B5-4F5F-8070-B3C88A2A120F}.Release|Any CPU.ActiveCfg = Release|Any CPU
		{3368400F-98B5-4F5F-8070-B3C88A2A120F}.Release|Any CPU.Build.0 = Release|Any CPU
		{C2FB3D81-5E02-4D5D-9194-BF8FC4E0FEF7}.Debug|Any CPU.ActiveCfg = Debug|Any CPU
		{C2FB3D81-5E02-4D5D-9194-BF8FC4E0FEF7}.Debug|Any CPU.Build.0 = Debug|Any CPU
		{C2FB3D81-5E02-4D5D-9194-BF8FC4E0FEF7}.Release|Any CPU.ActiveCfg = Release|Any CPU
		{C2FB3D81-5E02-4D5D-9194-BF8FC4E0FEF7}.Release|Any CPU.Build.0 = Release|Any CPU
		{7A0F4697-4EF7-4BE7-AD54-5D62A05047E4}.Debug|Any CPU.ActiveCfg = Debug|Any CPU
		{7A0F4697-4EF7-4BE7-AD54-5D62A05047E4}.Debug|Any CPU.Build.0 = Debug|Any CPU
		{7A0F4697-4EF7-4BE7-AD54-5D62A05047E4}.Release|Any CPU.ActiveCfg = Release|Any CPU
		{7A0F4697-4EF7-4BE7-AD54-5D62A05047E4}.Release|Any CPU.Build.0 = Release|Any CPU
	EndGlobalSection
	GlobalSection(SolutionProperties) = preSolution
		HideSolutionNode = FALSE
	EndGlobalSection
	GlobalSection(ExtensibilityGlobals) = postSolution
		SolutionGuid = {A784BDEB-FA31-46A8-BAF9-AAE5FCB49151}
	EndGlobalSection
EndGlobal
